{
  "name": "vendor",
  "lockfileVersion": 3,
  "requires": true,
  "packages": {
    "": {
      "name": "vendor",
      "dependencies": {
        "@netflix/x-element": "2.0.0-rc.1"
      }
    },
    "node_modules/@netflix/x-element": {
      "version": "2.0.0-rc.1",
      "resolved": "https://registry.npmjs.org/@netflix/x-element/-/x-element-2.0.0-rc.1.tgz",
      "integrity": "sha512-m2wathtyrF/fnHlR3V4AHPtOzeAKvJ+77mm8HPNbj+7EIoAPmm7E4lpGUU+U1yYp8qdRWIW4PEumI4Q/a3FNeQ==",
      "license": "Apache-2.0",
      "engines": {
        "node": "22.11.0",
        "npm": "10.9.0"
      }
    }
  }
}
