{
  "name": "vendor",
  "lockfileVersion": 3,
  "requires": true,
  "packages": {
    "": {
      "name": "vendor",
      "dependencies": {
        "@netflix/x-element": "2.0.0-rc.2"
      }
    },
    "node_modules/@netflix/x-element": {
      "version": "2.0.0-rc.2",
      "resolved": "https://registry.npmjs.org/@netflix/x-element/-/x-element-2.0.0-rc.2.tgz",
      "integrity": "sha512-airnUBQBELI+EWd3+81wkfMwTKCse899ZxjzzFP6yEAP1zES6s5U+z2B+sn0RC+wlwYW+Gv1ZhFO7IrKcLTzOw==",
      "license": "Apache-2.0",
      "engines": {
        "node": "22.11.0",
        "npm": "10.9.0"
      }
    }
  }
}
